
Microsoft Visual Studio Solution File, Format Version 12.00
# Visual Studio 15
VisualStudioVersion = 15.0.27004.2010
MinimumVisualStudioVersion = 10.0.40219.1
Project("{FAE04EC0-301F-11D3-BF4B-00C04F79EFBC}") = "Task2", "Task2\Task2.csproj", "{ABC7951C-CA58-440A-8788-14F154831807}"
EndProject
Global
	GlobalSection(SolutionConfigurationPlatforms) = preSolution
		Debug|Any CPU = Debug|Any CPU
		Release|Any CPU = Release|Any CPU
	EndGlobalSection
	GlobalSection(ProjectConfigurationPlatforms) = postSolution
		{ABC7951C-CA58-440A-8788-14F154831807}.Debug|Any CPU.ActiveCfg = Debug|Any CPU
		{ABC7951C-CA58-440A-8788-14F154831807}.Debug|Any CPU.Build.0 = Debug|Any CPU
		{ABC7951C-CA58-440A-8788-14F154831807}.Release|Any CPU.ActiveCfg = Release|Any CPU
		{ABC7951C-CA58-440A-8788-14F154831807}.Release|Any CPU.Build.0 = Release|Any CPU
	EndGlobalSection
	GlobalSection(SolutionProperties) = preSolution
		HideSolutionNode = FALSE
	EndGlobalSection
	GlobalSection(ExtensibilityGlobals) = postSolution
		SolutionGuid = {1BCA221D-ABA3-46C3-BCA4-DE7DA6FDAF51}
	EndGlobalSection
EndGlobal
